{
  "name": "bible-flash",
  "version": "1.0.0",
  "lockfileVersion": 2,
  "requires": true,
  "packages": {
    "": {
      "name": "bible-flash",
      "version": "1.0.0",
      "license": "UNLICENSED",
      "dependencies": {
        "redaxios": "^0.4.1"
      }
    },
    "node_modules/redaxios": {
      "version": "0.4.1",
      "resolved": "https://registry.npmjs.org/redaxios/-/redaxios-0.4.1.tgz",
      "integrity": "sha512-+Jhh1j8/H0KBro+Hih/MrDEJ1PICaU10JA6iu5b3+uvgRI+5n2M7qpMNXq7eC/0fspP0tTq49ONXlGWFdRoNLg=="
    }
  },
  "dependencies": {
    "redaxios": {
      "version": "0.4.1",
      "resolved": "https://registry.npmjs.org/redaxios/-/redaxios-0.4.1.tgz",
      "integrity": "sha512-+Jhh1j8/H0KBro+Hih/MrDEJ1PICaU10JA6iu5b3+uvgRI+5n2M7qpMNXq7eC/0fspP0tTq49ONXlGWFdRoNLg=="
    }
  }
}
